
Microsoft Visual Studio Solution File, Format Version 12.00
# Visual Studio Version 17
VisualStudioVersion = 17.0.32126.317
MinimumVisualStudioVersion = 10.0.40219.1
Project("{FAE04EC0-301F-11D3-BF4B-00C04F79EFBC}") = "InterfaceExp02", "InterfaceExp02.csproj", "{9C933794-2A11-4601-9D9E-62ADE44E2EDA}"
EndProject
Global
	GlobalSection(SolutionConfigurationPlatforms) = preSolution
		Debug|Any CPU = Debug|Any CPU
		Release|Any CPU = Release|Any CPU
	EndGlobalSection
	GlobalSection(ProjectConfigurationPlatforms) = postSolution
		{9C933794-2A11-4601-9D9E-62ADE44E2EDA}.Debug|Any CPU.ActiveCfg = Debug|Any CPU
		{9C933794-2A11-4601-9D9E-62ADE44E2EDA}.Debug|Any CPU.Build.0 = Debug|Any CPU
		{9C933794-2A11-4601-9D9E-62ADE44E2EDA}.Release|Any CPU.ActiveCfg = Release|Any CPU
		{9C933794-2A11-4601-9D9E-62ADE44E2EDA}.Release|Any CPU.Build.0 = Release|Any CPU
	EndGlobalSection
	GlobalSection(SolutionProperties) = preSolution
		HideSolutionNode = FALSE
	EndGlobalSection
	GlobalSection(ExtensibilityGlobals) = postSolution
		SolutionGuid = {73DFFF01-1097-4A5A-9365-9EA0EA015467}
	EndGlobalSection
EndGlobal
